{
  "name": "create-electron-documentation",
  "version": "0.0.3",
  "lockfileVersion": 3,
  "requires": true,
  "packages": {
    "": {
      "name": "create-electron-documentation",
      "version": "0.0.3",
      "license": "Apache-2.0",
      "dependencies": {
        "create-electron-documentation": "file:"
      },
      "bin": {
        "create-electron-documentation": "index.js"
      }
    },
    "node_modules/create-electron-documentation": {
      "resolved": "",
      "link": true
    }
  }
}
