{
  "name": "create-electron-documentation",
  "version": "0.0.3",
  "lockfileVersion": 2,
  "requires": true,
  "packages": {
    "": {
      "name": "create-electron-documentation",
      "version": "0.0.3",
      "license": "Apache-2.0",
      "bin": {
        "create-electron-documentation": "index.js"
      }
    }
  }
}
